
Microsoft Visual Studio Solution File, Format Version 12.00
Project("{FAE04EC0-301F-11D3-BF4B-00C04F79EFBC}") = "BedwarsAI", "BedwarsAI\BedwarsAI.csproj", "{42596F84-18F5-4C6E-8E26-78859E0E9B59}"
EndProject
Global
	GlobalSection(SolutionConfigurationPlatforms) = preSolution
		Debug|Any CPU = Debug|Any CPU
		Release|Any CPU = Release|Any CPU
	EndGlobalSection
	GlobalSection(ProjectConfigurationPlatforms) = postSolution
		{42596F84-18F5-4C6E-8E26-78859E0E9B59}.Debug|Any CPU.ActiveCfg = Debug|Any CPU
		{42596F84-18F5-4C6E-8E26-78859E0E9B59}.Debug|Any CPU.Build.0 = Debug|Any CPU
		{42596F84-18F5-4C6E-8E26-78859E0E9B59}.Release|Any CPU.ActiveCfg = Release|Any CPU
		{42596F84-18F5-4C6E-8E26-78859E0E9B59}.Release|Any CPU.Build.0 = Release|Any CPU
	EndGlobalSection
EndGlobal
